// !$*UTF8*$!
{
	archiveVersion = 1;
	classes = {
	};
	objectVersion = 56;
	objects = {

/* Begin PBXBuildFile section */
		6E6DCD332C0CE58200A69CC8 /* Launch Screen.storyboard in Resources */ = {isa = PBXBuildFile; fileRef = 6E6DCD322C0CE58200A69CC8 /* Launch Screen.storyboard */; };
		6E6DCD372C0D50BE00A69CC8 /* MailView.swift in Sources */ = {isa = PBXBuildFile; fileRef = 6E6DCD362C0D50BE00A69CC8 /* MailView.swift */; };
		6E843E182B7F49D000C8761E /* EventStore.swift in Sources */ = {isa = PBXBuildFile; fileRef = 6E843E172B7F49D000C8761E /* EventStore.swift */; };
		6EA0FCA42BFB0EA000981724 /* SettingsStore.swift in Sources */ = {isa = PBXBuildFile; fileRef = 6EA0FCA32BFB0EA000981724 /* SettingsStore.swift */; };
		6EAE9FF02B018D7B0029A8D4 /* TimelyApp.swift in Sources */ = {isa = PBXBuildFile; fileRef = 6EAE9FEF2B018D7B0029A8D4 /* TimelyApp.swift */; };
		6EAE9FF62B018D7C0029A8D4 /* Assets.xcassets in Resources */ = {isa = PBXBuildFile; fileRef = 6EAE9FF52B018D7C0029A8D4 /* Assets.xcassets */; };
		6EAE9FF92B018D7C0029A8D4 /* Preview Assets.xcassets in Resources */ = {isa = PBXBuildFile; fileRef = 6EAE9FF82B018D7C0029A8D4 /* Preview Assets.xcassets */; };
		6EAEA0032B018D7C0029A8D4 /* TimelyTests.swift in Sources */ = {isa = PBXBuildFile; fileRef = 6EAEA0022B018D7C0029A8D4 /* TimelyTests.swift */; };
		6EAEA00D2B018D7C0029A8D4 /* TimelyUITests.swift in Sources */ = {isa = PBXBuildFile; fileRef = 6EAEA00C2B018D7C0029A8D4 /* TimelyUITests.swift */; };
		6EAEA00F2B018D7C0029A8D4 /* TimelyUITestsLaunchTests.swift in Sources */ = {isa = PBXBuildFile; fileRef = 6EAEA00E2B018D7C0029A8D4 /* TimelyUITestsLaunchTests.swift */; };
		6EAEA0222B0196A90029A8D4 /* EventData.swift in Sources */ = {isa = PBXBuildFile; fileRef = 6EAEA0212B0196A90029A8D4 /* EventData.swift */; };
		6EAEA0242B0196C30029A8D4 /* EventDetailView.swift in Sources */ = {isa = PBXBuildFile; fileRef = 6EAEA0232B0196C30029A8D4 /* EventDetailView.swift */; };
		6EAEA0262B0196E50029A8D4 /* EventListView.swift in Sources */ = {isa = PBXBuildFile; fileRef = 6EAEA0252B0196E50029A8D4 /* EventListView.swift */; };
		6EAEA0282B0196FC0029A8D4 /* NewEventSheetView.swift in Sources */ = {isa = PBXBuildFile; fileRef = 6EAEA0272B0196FC0029A8D4 /* NewEventSheetView.swift */; };
		6EAEA02C2B0197270029A8D4 /* SettingsView.swift in Sources */ = {isa = PBXBuildFile; fileRef = 6EAEA02B2B0197270029A8D4 /* SettingsView.swift */; };
		6EE9B5182B64E8C4005895DC /* EditEventSheetView.swift in Sources */ = {isa = PBXBuildFile; fileRef = 6EE9B5172B64E8C4005895DC /* EditEventSheetView.swift */; };
		6EF4F6CD2BB292C000288AE3 /* CalendarView.swift in Sources */ = {isa = PBXBuildFile; fileRef = 6EF4F6CC2BB292C000288AE3 /* CalendarView.swift */; };
/* End PBXBuildFile section */

/* Begin PBXContainerItemProxy section */
		6EAE9FFF2B018D7C0029A8D4 /* PBXContainerItemProxy */ = {
			isa = PBXContainerItemProxy;
			containerPortal = 6EAE9FE42B018D7B0029A8D4 /* Project object */;
			proxyType = 1;
			remoteGlobalIDString = 6EAE9FEB2B018D7B0029A8D4;
			remoteInfo = Timely;
		};
		6EAEA0092B018D7C0029A8D4 /* PBXContainerItemProxy */ = {
			isa = PBXContainerItemProxy;
			containerPortal = 6EAE9FE42B018D7B0029A8D4 /* Project object */;
			proxyType = 1;
			remoteGlobalIDString = 6EAE9FEB2B018D7B0029A8D4;
			remoteInfo = Timely;
		};
/* End PBXContainerItemProxy section */

/* Begin PBXFileReference section */
		6E6DCD322C0CE58200A69CC8 /* Launch Screen.storyboard */ = {isa = PBXFileReference; lastKnownFileType = file.storyboard; path = "Launch Screen.storyboard"; sourceTree = "<group>"; };
		6E6DCD362C0D50BE00A69CC8 /* MailView.swift */ = {isa = PBXFileReference; lastKnownFileType = sourcecode.swift; path = MailView.swift; sourceTree = "<group>"; };
		6E843E172B7F49D000C8761E /* EventStore.swift */ = {isa = PBXFileReference; lastKnownFileType = sourcecode.swift; path = EventStore.swift; sourceTree = "<group>"; };
		6E88B1CC2C117D5600027AC4 /* Timely.entitlements */ = {isa = PBXFileReference; lastKnownFileType = text.plist.entitlements; path = Timely.entitlements; sourceTree = "<group>"; };
		6EA0FCA32BFB0EA000981724 /* SettingsStore.swift */ = {isa = PBXFileReference; lastKnownFileType = sourcecode.swift; path = SettingsStore.swift; sourceTree = "<group>"; };
		6EAE9FEC2B018D7B0029A8D4 /* Timely.app */ = {isa = PBXFileReference; explicitFileType = wrapper.application; includeInIndex = 0; path = Timely.app; sourceTree = BUILT_PRODUCTS_DIR; };
		6EAE9FEF2B018D7B0029A8D4 /* TimelyApp.swift */ = {isa = PBXFileReference; lastKnownFileType = sourcecode.swift; path = TimelyApp.swift; sourceTree = "<group>"; };
		6EAE9FF52B018D7C0029A8D4 /* Assets.xcassets */ = {isa = PBXFileReference; lastKnownFileType = folder.assetcatalog; path = Assets.xcassets; sourceTree = "<group>"; };
		6EAE9FF82B018D7C0029A8D4 /* Preview Assets.xcassets */ = {isa = PBXFileReference; lastKnownFileType = folder.assetcatalog; path = "Preview Assets.xcassets"; sourceTree = "<group>"; };
		6EAE9FFE2B018D7C0029A8D4 /* TimelyTests.xctest */ = {isa = PBXFileReference; explicitFileType = wrapper.cfbundle; includeInIndex = 0; path = TimelyTests.xctest; sourceTree = BUILT_PRODUCTS_DIR; };
		6EAEA0022B018D7C0029A8D4 /* TimelyTests.swift */ = {isa = PBXFileReference; lastKnownFileType = sourcecode.swift; path = TimelyTests.swift; sourceTree = "<group>"; };
		6EAEA0082B018D7C0029A8D4 /* TimelyUITests.xctest */ = {isa = PBXFileReference; explicitFileType = wrapper.cfbundle; includeInIndex = 0; path = TimelyUITests.xctest; sourceTree = BUILT_PRODUCTS_DIR; };
		6EAEA00C2B018D7C0029A8D4 /* TimelyUITests.swift */ = {isa = PBXFileReference; lastKnownFileType = sourcecode.swift; path = TimelyUITests.swift; sourceTree = "<group>"; };
		6EAEA00E2B018D7C0029A8D4 /* TimelyUITestsLaunchTests.swift */ = {isa = PBXFileReference; lastKnownFileType = sourcecode.swift; path = TimelyUITestsLaunchTests.swift; sourceTree = "<group>"; };
		6EAEA0212B0196A90029A8D4 /* EventData.swift */ = {isa = PBXFileReference; lastKnownFileType = sourcecode.swift; path = EventData.swift; sourceTree = "<group>"; };
		6EAEA0232B0196C30029A8D4 /* EventDetailView.swift */ = {isa = PBXFileReference; lastKnownFileType = sourcecode.swift; path = EventDetailView.swift; sourceTree = "<group>"; };
		6EAEA0252B0196E50029A8D4 /* EventListView.swift */ = {isa = PBXFileReference; lastKnownFileType = sourcecode.swift; path = EventListView.swift; sourceTree = "<group>"; };
		6EAEA0272B0196FC0029A8D4 /* NewEventSheetView.swift */ = {isa = PBXFileReference; lastKnownFileType = sourcecode.swift; path = NewEventSheetView.swift; sourceTree = "<group>"; };
		6EAEA02B2B0197270029A8D4 /* SettingsView.swift */ = {isa = PBXFileReference; lastKnownFileType = sourcecode.swift; path = SettingsView.swift; sourceTree = "<group>"; };
		6EE9B5172B64E8C4005895DC /* EditEventSheetView.swift */ = {isa = PBXFileReference; lastKnownFileType = sourcecode.swift; path = EditEventSheetView.swift; sourceTree = "<group>"; };
		6EF4F6CC2BB292C000288AE3 /* CalendarView.swift */ = {isa = PBXFileReference; lastKnownFileType = sourcecode.swift; path = CalendarView.swift; sourceTree = "<group>"; };
/* End PBXFileReference section */

/* Begin PBXFrameworksBuildPhase section */
		6EAE9FE92B018D7B0029A8D4 /* Frameworks */ = {
			isa = PBXFrameworksBuildPhase;
			buildActionMask = 2147483647;
			files = (
			);
			runOnlyForDeploymentPostprocessing = 0;
		};
		6EAE9FFB2B018D7C0029A8D4 /* Frameworks */ = {
			isa = PBXFrameworksBuildPhase;
			buildActionMask = 2147483647;
			files = (
			);
			runOnlyForDeploymentPostprocessing = 0;
		};
		6EAEA0052B018D7C0029A8D4 /* Frameworks */ = {
			isa = PBXFrameworksBuildPhase;
			buildActionMask = 2147483647;
			files = (
			);
			runOnlyForDeploymentPostprocessing = 0;
		};
/* End PBXFrameworksBuildPhase section */

/* Begin PBXGroup section */
		6E2D10F52BEF32810094CE2C /* Settings */ = {
			isa = PBXGroup;
			children = (
				6EAEA02B2B0197270029A8D4 /* SettingsView.swift */,
				6E6DCD362C0D50BE00A69CC8 /* MailView.swift */,
			);
			path = Settings;
			sourceTree = "<group>";
		};
		6EAE9FE32B018D7B0029A8D4 = {
			isa = PBXGroup;
			children = (
				6EAE9FEE2B018D7B0029A8D4 /* Timely */,
				6EAEA0012B018D7C0029A8D4 /* TimelyTests */,
				6EAEA00B2B018D7C0029A8D4 /* TimelyUITests */,
				6EAE9FED2B018D7B0029A8D4 /* Products */,
			);
			sourceTree = "<group>";
		};
		6EAE9FED2B018D7B0029A8D4 /* Products */ = {
			isa = PBXGroup;
			children = (
				6EAE9FEC2B018D7B0029A8D4 /* Timely.app */,
				6EAE9FFE2B018D7C0029A8D4 /* TimelyTests.xctest */,
				6EAEA0082B018D7C0029A8D4 /* TimelyUITests.xctest */,
			);
			name = Products;
			sourceTree = "<group>";
		};
		6EAE9FEE2B018D7B0029A8D4 /* Timely */ = {
			isa = PBXGroup;
			children = (
				6E88B1CC2C117D5600027AC4 /* Timely.entitlements */,
				6E6DCD322C0CE58200A69CC8 /* Launch Screen.storyboard */,
				6EFDF1DE2BD25DF600D6904F /* Data */,
				6EFDF1DF2BD25E3000D6904F /* Views */,
				6EAE9FEF2B018D7B0029A8D4 /* TimelyApp.swift */,
				6EAE9FF52B018D7C0029A8D4 /* Assets.xcassets */,
				6EAE9FF72B018D7C0029A8D4 /* Preview Content */,
			);
			path = Timely;
			sourceTree = "<group>";
		};
		6EAE9FF72B018D7C0029A8D4 /* Preview Content */ = {
			isa = PBXGroup;
			children = (
				6EAE9FF82B018D7C0029A8D4 /* Preview Assets.xcassets */,
			);
			path = "Preview Content";
			sourceTree = "<group>";
		};
		6EAEA0012B018D7C0029A8D4 /* TimelyTests */ = {
			isa = PBXGroup;
			children = (
				6EAEA0022B018D7C0029A8D4 /* TimelyTests.swift */,
			);
			path = TimelyTests;
			sourceTree = "<group>";
		};
		6EAEA00B2B018D7C0029A8D4 /* TimelyUITests */ = {
			isa = PBXGroup;
			children = (
				6EAEA00C2B018D7C0029A8D4 /* TimelyUITests.swift */,
				6EAEA00E2B018D7C0029A8D4 /* TimelyUITestsLaunchTests.swift */,
			);
			path = TimelyUITests;
			sourceTree = "<group>";
		};
		6EFDF1DE2BD25DF600D6904F /* Data */ = {
			isa = PBXGroup;
			children = (
				6EAEA0212B0196A90029A8D4 /* EventData.swift */,
				6E843E172B7F49D000C8761E /* EventStore.swift */,
				6EA0FCA32BFB0EA000981724 /* SettingsStore.swift */,
			);
			path = Data;
			sourceTree = "<group>";
		};
		6EFDF1DF2BD25E3000D6904F /* Views */ = {
			isa = PBXGroup;
			children = (
				6EF4F6CC2BB292C000288AE3 /* CalendarView.swift */,
				6EE9B5172B64E8C4005895DC /* EditEventSheetView.swift */,
				6EAEA0232B0196C30029A8D4 /* EventDetailView.swift */,
				6EAEA0252B0196E50029A8D4 /* EventListView.swift */,
				6EAEA0272B0196FC0029A8D4 /* NewEventSheetView.swift */,
				6E2D10F52BEF32810094CE2C /* Settings */,
			);
			path = Views;
			sourceTree = "<group>";
		};
/* End PBXGroup section */

/* Begin PBXNativeTarget section */
		6EAE9FEB2B018D7B0029A8D4 /* Timely */ = {
			isa = PBXNativeTarget;
			buildConfigurationList = 6EAEA0122B018D7C0029A8D4 /* Build configuration list for PBXNativeTarget "Timely" */;
			buildPhases = (
				6EAE9FE82B018D7B0029A8D4 /* Sources */,
				6EAE9FE92B018D7B0029A8D4 /* Frameworks */,
				6EAE9FEA2B018D7B0029A8D4 /* Resources */,
			);
			buildRules = (
			);
			dependencies = (
			);
			name = Timely;
			productName = Timely;
			productReference = 6EAE9FEC2B018D7B0029A8D4 /* Timely.app */;
			productType = "com.apple.product-type.application";
		};
		6EAE9FFD2B018D7C0029A8D4 /* TimelyTests */ = {
			isa = PBXNativeTarget;
			buildConfigurationList = 6EAEA0152B018D7C0029A8D4 /* Build configuration list for PBXNativeTarget "TimelyTests" */;
			buildPhases = (
				6EAE9FFA2B018D7C0029A8D4 /* Sources */,
				6EAE9FFB2B018D7C0029A8D4 /* Frameworks */,
				6EAE9FFC2B018D7C0029A8D4 /* Resources */,
			);
			buildRules = (
			);
			dependencies = (
				6EAEA0002B018D7C0029A8D4 /* PBXTargetDependency */,
			);
			name = TimelyTests;
			productName = TimelyTests;
			productReference = 6EAE9FFE2B018D7C0029A8D4 /* TimelyTests.xctest */;
			productType = "com.apple.product-type.bundle.unit-test";
		};
		6EAEA0072B018D7C0029A8D4 /* TimelyUITests */ = {
			isa = PBXNativeTarget;
			buildConfigurationList = 6EAEA0182B018D7C0029A8D4 /* Build configuration list for PBXNativeTarget "TimelyUITests" */;
			buildPhases = (
				6EAEA0042B018D7C0029A8D4 /* Sources */,
				6EAEA0052B018D7C0029A8D4 /* Frameworks */,
				6EAEA0062B018D7C0029A8D4 /* Resources */,
			);
			buildRules = (
			);
			dependencies = (
				6EAEA00A2B018D7C0029A8D4 /* PBXTargetDependency */,
			);
			name = TimelyUITests;
			productName = TimelyUITests;
			productReference = 6EAEA0082B018D7C0029A8D4 /* TimelyUITests.xctest */;
			productType = "com.apple.product-type.bundle.ui-testing";
		};
/* End PBXNativeTarget section */

/* Begin PBXProject section */
		6EAE9FE42B018D7B0029A8D4 /* Project object */ = {
			isa = PBXProject;
			attributes = {
				BuildIndependentTargetsInParallel = 1;
				LastSwiftUpdateCheck = 1500;
				LastUpgradeCheck = 1600;
				TargetAttributes = {
					6EAE9FEB2B018D7B0029A8D4 = {
						CreatedOnToolsVersion = 15.0.1;
					};
					6EAE9FFD2B018D7C0029A8D4 = {
						CreatedOnToolsVersion = 15.0.1;
						TestTargetID = 6EAE9FEB2B018D7B0029A8D4;
					};
					6EAEA0072B018D7C0029A8D4 = {
						CreatedOnToolsVersion = 15.0.1;
						TestTargetID = 6EAE9FEB2B018D7B0029A8D4;
					};
				};
			};
			buildConfigurationList = 6EAE9FE72B018D7B0029A8D4 /* Build configuration list for PBXProject "Timely" */;
			compatibilityVersion = "Xcode 14.0";
			developmentRegion = en;
			hasScannedForEncodings = 0;
			knownRegions = (
				en,
				Base,
			);
			mainGroup = 6EAE9FE32B018D7B0029A8D4;
			productRefGroup = 6EAE9FED2B018D7B0029A8D4 /* Products */;
			projectDirPath = "";
			projectRoot = "";
			targets = (
				6EAE9FEB2B018D7B0029A8D4 /* Timely */,
				6EAE9FFD2B018D7C0029A8D4 /* TimelyTests */,
				6EAEA0072B018D7C0029A8D4 /* TimelyUITests */,
			);
		};
/* End PBXProject section */

/* Begin PBXResourcesBuildPhase section */
		6EAE9FEA2B018D7B0029A8D4 /* Resources */ = {
			isa = PBXResourcesBuildPhase;
			buildActionMask = 2147483647;
			files = (
				6E6DCD332C0CE58200A69CC8 /* Launch Screen.storyboard in Resources */,
				6EAE9FF92B018D7C0029A8D4 /* Preview Assets.xcassets in Resources */,
				6EAE9FF62B018D7C0029A8D4 /* Assets.xcassets in Resources */,
			);
			runOnlyForDeploymentPostprocessing = 0;
		};
		6EAE9FFC2B018D7C0029A8D4 /* Resources */ = {
			isa = PBXResourcesBuildPhase;
			buildActionMask = 2147483647;
			files = (
			);
			runOnlyForDeploymentPostprocessing = 0;
		};
		6EAEA0062B018D7C0029A8D4 /* Resources */ = {
			isa = PBXResourcesBuildPhase;
			buildActionMask = 2147483647;
			files = (
			);
			runOnlyForDeploymentPostprocessing = 0;
		};
/* End PBXResourcesBuildPhase section */

/* Begin PBXSourcesBuildPhase section */
		6EAE9FE82B018D7B0029A8D4 /* Sources */ = {
			isa = PBXSourcesBuildPhase;
			buildActionMask = 2147483647;
			files = (
				6EF4F6CD2BB292C000288AE3 /* CalendarView.swift in Sources */,
				6EAEA0282B0196FC0029A8D4 /* NewEventSheetView.swift in Sources */,
				6EA0FCA42BFB0EA000981724 /* SettingsStore.swift in Sources */,
				6EAEA0222B0196A90029A8D4 /* EventData.swift in Sources */,
				6EAEA02C2B0197270029A8D4 /* SettingsView.swift in Sources */,
				6EAE9FF02B018D7B0029A8D4 /* TimelyApp.swift in Sources */,
				6E6DCD372C0D50BE00A69CC8 /* MailView.swift in Sources */,
				6E843E182B7F49D000C8761E /* EventStore.swift in Sources */,
				6EE9B5182B64E8C4005895DC /* EditEventSheetView.swift in Sources */,
				6EAEA0242B0196C30029A8D4 /* EventDetailView.swift in Sources */,
				6EAEA0262B0196E50029A8D4 /* EventListView.swift in Sources */,
			);
			runOnlyForDeploymentPostprocessing = 0;
		};
		6EAE9FFA2B018D7C0029A8D4 /* Sources */ = {
			isa = PBXSourcesBuildPhase;
			buildActionMask = 2147483647;
			files = (
				6EAEA0032B018D7C0029A8D4 /* TimelyTests.swift in Sources */,
			);
			runOnlyForDeploymentPostprocessing = 0;
		};
		6EAEA0042B018D7C0029A8D4 /* Sources */ = {
			isa = PBXSourcesBuildPhase;
			buildActionMask = 2147483647;
			files = (
				6EAEA00F2B018D7C0029A8D4 /* TimelyUITestsLaunchTests.swift in Sources */,
				6EAEA00D2B018D7C0029A8D4 /* TimelyUITests.swift in Sources */,
			);
			runOnlyForDeploymentPostprocessing = 0;
		};
/* End PBXSourcesBuildPhase section */

/* Begin PBXTargetDependency section */
		6EAEA0002B018D7C0029A8D4 /* PBXTargetDependency */ = {
			isa = PBXTargetDependency;
			target = 6EAE9FEB2B018D7B0029A8D4 /* Timely */;
			targetProxy = 6EAE9FFF2B018D7C0029A8D4 /* PBXContainerItemProxy */;
		};
		6EAEA00A2B018D7C0029A8D4 /* PBXTargetDependency */ = {
			isa = PBXTargetDependency;
			target = 6EAE9FEB2B018D7B0029A8D4 /* Timely */;
			targetProxy = 6EAEA0092B018D7C0029A8D4 /* PBXContainerItemProxy */;
		};
/* End PBXTargetDependency section */

/* Begin XCBuildConfiguration section */
		6EAEA0102B018D7C0029A8D4 /* Debug */ = {
			isa = XCBuildConfiguration;
			buildSettings = {
				ALWAYS_SEARCH_USER_PATHS = NO;
				ASSETCATALOG_COMPILER_GENERATE_SWIFT_ASSET_SYMBOL_EXTENSIONS = YES;
				CLANG_ANALYZER_NONNULL = YES;
				CLANG_ANALYZER_NUMBER_OBJECT_CONVERSION = YES_AGGRESSIVE;
				CLANG_CXX_LANGUAGE_STANDARD = "gnu++20";
				CLANG_ENABLE_MODULES = YES;
				CLANG_ENABLE_OBJC_ARC = YES;
				CLANG_ENABLE_OBJC_WEAK = YES;
				CLANG_WARN_BLOCK_CAPTURE_AUTORELEASING = YES;
				CLANG_WARN_BOOL_CONVERSION = YES;
				CLANG_WARN_COMMA = YES;
				CLANG_WARN_CONSTANT_CONVERSION = YES;
				CLANG_WARN_DEPRECATED_OBJC_IMPLEMENTATIONS = YES;
				CLANG_WARN_DIRECT_OBJC_ISA_USAGE = YES_ERROR;
				CLANG_WARN_DOCUMENTATION_COMMENTS = YES;
				CLANG_WARN_EMPTY_BODY = YES;
				CLANG_WARN_ENUM_CONVERSION = YES;
				CLANG_WARN_INFINITE_RECURSION = YES;
				CLANG_WARN_INT_CONVERSION = YES;
				CLANG_WARN_NON_LITERAL_NULL_CONVERSION = YES;
				CLANG_WARN_OBJC_IMPLICIT_RETAIN_SELF = YES;
				CLANG_WARN_OBJC_LITERAL_CONVERSION = YES;
				CLANG_WARN_OBJC_ROOT_CLASS = YES_ERROR;
				CLANG_WARN_QUOTED_INCLUDE_IN_FRAMEWORK_HEADER = YES;
				CLANG_WARN_RANGE_LOOP_ANALYSIS = YES;
				CLANG_WARN_STRICT_PROTOTYPES = YES;
				CLANG_WARN_SUSPICIOUS_MOVE = YES;
				CLANG_WARN_UNGUARDED_AVAILABILITY = YES_AGGRESSIVE;
				CLANG_WARN_UNREACHABLE_CODE = YES;
				CLANG_WARN__DUPLICATE_METHOD_MATCH = YES;
				COPY_PHASE_STRIP = NO;
				DEBUG_INFORMATION_FORMAT = dwarf;
				ENABLE_STRICT_OBJC_MSGSEND = YES;
				ENABLE_TESTABILITY = YES;
				ENABLE_USER_SCRIPT_SANDBOXING = YES;
				GCC_C_LANGUAGE_STANDARD = gnu17;
				GCC_DYNAMIC_NO_PIC = NO;
				GCC_NO_COMMON_BLOCKS = YES;
				GCC_OPTIMIZATION_LEVEL = 0;
				GCC_PREPROCESSOR_DEFINITIONS = (
					"DEBUG=1",
					"$(inherited)",
				);
				GCC_WARN_64_TO_32_BIT_CONVERSION = YES;
				GCC_WARN_ABOUT_RETURN_TYPE = YES_ERROR;
				GCC_WARN_UNDECLARED_SELECTOR = YES;
				GCC_WARN_UNINITIALIZED_AUTOS = YES_AGGRESSIVE;
				GCC_WARN_UNUSED_FUNCTION = YES;
				GCC_WARN_UNUSED_VARIABLE = YES;
				IPHONEOS_DEPLOYMENT_TARGET = 16.0;
				LOCALIZATION_PREFERS_STRING_CATALOGS = YES;
				MTL_ENABLE_DEBUG_INFO = INCLUDE_SOURCE;
				MTL_FAST_MATH = YES;
				ONLY_ACTIVE_ARCH = YES;
				SDKROOT = iphoneos;
				SWIFT_ACTIVE_COMPILATION_CONDITIONS = "DEBUG $(inherited)";
				SWIFT_OPTIMIZATION_LEVEL = "-Onone";
			};
			name = Debug;
		};
		6EAEA0112B018D7C0029A8D4 /* Release */ = {
			isa = XCBuildConfiguration;
			buildSettings = {
				ALWAYS_SEARCH_USER_PATHS = NO;
				ASSETCATALOG_COMPILER_GENERATE_SWIFT_ASSET_SYMBOL_EXTENSIONS = YES;
				CLANG_ANALYZER_NONNULL = YES;
				CLANG_ANALYZER_NUMBER_OBJECT_CONVERSION = YES_AGGRESSIVE;
				CLANG_CXX_LANGUAGE_STANDARD = "gnu++20";
				CLANG_ENABLE_MODULES = YES;
				CLANG_ENABLE_OBJC_ARC = YES;
				CLANG_ENABLE_OBJC_WEAK = YES;
				CLANG_WARN_BLOCK_CAPTURE_AUTORELEASING = YES;
				CLANG_WARN_BOOL_CONVERSION = YES;
				CLANG_WARN_COMMA = YES;
				CLANG_WARN_CONSTANT_CONVERSION = YES;
				CLANG_WARN_DEPRECATED_OBJC_IMPLEMENTATIONS = YES;
				CLANG_WARN_DIRECT_OBJC_ISA_USAGE = YES_ERROR;
				CLANG_WARN_DOCUMENTATION_COMMENTS = YES;
				CLANG_WARN_EMPTY_BODY = YES;
				CLANG_WARN_ENUM_CONVERSION = YES;
				CLANG_WARN_INFINITE_RECURSION = YES;
				CLANG_WARN_INT_CONVERSION = YES;
				CLANG_WARN_NON_LITERAL_NULL_CONVERSION = YES;
				CLANG_WARN_OBJC_IMPLICIT_RETAIN_SELF = YES;
				CLANG_WARN_OBJC_LITERAL_CONVERSION = YES;
				CLANG_WARN_OBJC_ROOT_CLASS = YES_ERROR;
				CLANG_WARN_QUOTED_INCLUDE_IN_FRAMEWORK_HEADER = YES;
				CLANG_WARN_RANGE_LOOP_ANALYSIS = YES;
				CLANG_WARN_STRICT_PROTOTYPES = YES;
				CLANG_WARN_SUSPICIOUS_MOVE = YES;
				CLANG_WARN_UNGUARDED_AVAILABILITY = YES_AGGRESSIVE;
				CLANG_WARN_UNREACHABLE_CODE = YES;
				CLANG_WARN__DUPLICATE_METHOD_MATCH = YES;
				COPY_PHASE_STRIP = NO;
				DEBUG_INFORMATION_FORMAT = "dwarf-with-dsym";
				ENABLE_NS_ASSERTIONS = NO;
				ENABLE_STRICT_OBJC_MSGSEND = YES;
				ENABLE_USER_SCRIPT_SANDBOXING = YES;
				GCC_C_LANGUAGE_STANDARD = gnu17;
				GCC_NO_COMMON_BLOCKS = YES;
				GCC_WARN_64_TO_32_BIT_CONVERSION = YES;
				GCC_WARN_ABOUT_RETURN_TYPE = YES_ERROR;
				GCC_WARN_UNDECLARED_SELECTOR = YES;
				GCC_WARN_UNINITIALIZED_AUTOS = YES_AGGRESSIVE;
				GCC_WARN_UNUSED_FUNCTION = YES;
				GCC_WARN_UNUSED_VARIABLE = YES;
				IPHONEOS_DEPLOYMENT_TARGET = 16.0;
				LOCALIZATION_PREFERS_STRING_CATALOGS = YES;
				MTL_ENABLE_DEBUG_INFO = NO;
				MTL_FAST_MATH = YES;
				SDKROOT = iphoneos;
				SWIFT_COMPILATION_MODE = wholemodule;
				VALIDATE_PRODUCT = YES;
			};
			name = Release;
		};
		6EAEA0132B018D7C0029A8D4 /* Debug */ = {
			isa = XCBuildConfiguration;
			buildSettings = {
				ASSETCATALOG_COMPILER_APPICON_NAME = AppIcon;
				ASSETCATALOG_COMPILER_GLOBAL_ACCENT_COLOR_NAME = AccentColor;
				CODE_SIGN_ENTITLEMENTS = Timely/Timely.entitlements;
				CODE_SIGN_STYLE = Automatic;
				CURRENT_PROJECT_VERSION = 3;
				DEVELOPMENT_ASSET_PATHS = "\"Timely/Preview Content\"";
				DEVELOPMENT_TEAM = 7WCH78FX92;
				ENABLE_PREVIEWS = YES;
				GENERATE_INFOPLIST_FILE = YES;
				INFOPLIST_KEY_CFBundleDisplayName = Timely;
				INFOPLIST_KEY_LSApplicationCategoryType = "public.app-category.productivity";
				INFOPLIST_KEY_UIApplicationSceneManifest_Generation = YES;
				INFOPLIST_KEY_UIApplicationSupportsIndirectInputEvents = YES;
				INFOPLIST_KEY_UILaunchScreen_Generation = YES;
				INFOPLIST_KEY_UILaunchStoryboardName = "Launch Screen.storyboard";
				INFOPLIST_KEY_UISupportedInterfaceOrientations = UIInterfaceOrientationPortrait;
				INFOPLIST_KEY_UISupportedInterfaceOrientations_iPad = "UIInterfaceOrientationLandscapeLeft UIInterfaceOrientationLandscapeRight UIInterfaceOrientationPortrait UIInterfaceOrientationPortraitUpsideDown";
				IPHONEOS_DEPLOYMENT_TARGET = 16.0;
				LD_RUNPATH_SEARCH_PATHS = (
					"$(inherited)",
					"@executable_path/Frameworks",
				);
				MARKETING_VERSION = 1.2;
				PRODUCT_BUNDLE_IDENTIFIER = dev.PierceOxley.Timely;
				PRODUCT_NAME = "$(TARGET_NAME)";
				SWIFT_EMIT_LOC_STRINGS = YES;
				SWIFT_VERSION = 5.0;
				TARGETED_DEVICE_FAMILY = "1,2";
			};
			name = Debug;
		};
		6EAEA0142B018D7C0029A8D4 /* Release */ = {
			isa = XCBuildConfiguration;
			buildSettings = {
				ASSETCATALOG_COMPILER_APPICON_NAME = AppIcon;
				ASSETCATALOG_COMPILER_GLOBAL_ACCENT_COLOR_NAME = AccentColor;
				CODE_SIGN_ENTITLEMENTS = Timely/Timely.entitlements;
				CODE_SIGN_STYLE = Automatic;
				CURRENT_PROJECT_VERSION = 3;
				DEVELOPMENT_ASSET_PATHS = "\"Timely/Preview Content\"";
				DEVELOPMENT_TEAM = 7WCH78FX92;
				ENABLE_PREVIEWS = YES;
				GENERATE_INFOPLIST_FILE = YES;
				INFOPLIST_KEY_CFBundleDisplayName = Timely;
				INFOPLIST_KEY_LSApplicationCategoryType = "public.app-category.productivity";
				INFOPLIST_KEY_UIApplicationSceneManifest_Generation = YES;
				INFOPLIST_KEY_UIApplicationSupportsIndirectInputEvents = YES;
				INFOPLIST_KEY_UILaunchScreen_Generation = YES;
				INFOPLIST_KEY_UILaunchStoryboardName = "Launch Screen.storyboard";
				INFOPLIST_KEY_UISupportedInterfaceOrientations = UIInterfaceOrientationPortrait;
				INFOPLIST_KEY_UISupportedInterfaceOrientations_iPad = "UIInterfaceOrientationLandscapeLeft UIInterfaceOrientationLandscapeRight UIInterfaceOrientationPortrait UIInterfaceOrientationPortraitUpsideDown";
				IPHONEOS_DEPLOYMENT_TARGET = 16.0;
				LD_RUNPATH_SEARCH_PATHS = (
					"$(inherited)",
					"@executable_path/Frameworks",
				);
				MARKETING_VERSION = 1.2;
				PRODUCT_BUNDLE_IDENTIFIER = dev.PierceOxley.Timely;
				PRODUCT_NAME = "$(TARGET_NAME)";
				SWIFT_EMIT_LOC_STRINGS = YES;
				SWIFT_VERSION = 5.0;
				TARGETED_DEVICE_FAMILY = "1,2";
			};
			name = Release;
		};
		6EAEA0162B018D7C0029A8D4 /* Debug */ = {
			isa = XCBuildConfiguration;
			buildSettings = {
				BUNDLE_LOADER = "$(TEST_HOST)";
				CODE_SIGN_STYLE = Automatic;
				CURRENT_PROJECT_VERSION = 1;
				GENERATE_INFOPLIST_FILE = YES;
				IPHONEOS_DEPLOYMENT_TARGET = 17.0;
				MARKETING_VERSION = 1.0;
				PRODUCT_BUNDLE_IDENTIFIER = dev.PierceOxley.TimelyTests;
				PRODUCT_NAME = "$(TARGET_NAME)";
				SWIFT_EMIT_LOC_STRINGS = NO;
				SWIFT_VERSION = 5.0;
				TARGETED_DEVICE_FAMILY = "1,2";
				TEST_HOST = "$(BUILT_PRODUCTS_DIR)/Timely.app/$(BUNDLE_EXECUTABLE_FOLDER_PATH)/Timely";
			};
			name = Debug;
		};
		6EAEA0172B018D7C0029A8D4 /* Release */ = {
			isa = XCBuildConfiguration;
			buildSettings = {
				BUNDLE_LOADER = "$(TEST_HOST)";
				CODE_SIGN_STYLE = Automatic;
				CURRENT_PROJECT_VERSION = 1;
				GENERATE_INFOPLIST_FILE = YES;
				IPHONEOS_DEPLOYMENT_TARGET = 17.0;
				MARKETING_VERSION = 1.0;
				PRODUCT_BUNDLE_IDENTIFIER = dev.PierceOxley.TimelyTests;
				PRODUCT_NAME = "$(TARGET_NAME)";
				SWIFT_EMIT_LOC_STRINGS = NO;
				SWIFT_VERSION = 5.0;
				TARGETED_DEVICE_FAMILY = "1,2";
				TEST_HOST = "$(BUILT_PRODUCTS_DIR)/Timely.app/$(BUNDLE_EXECUTABLE_FOLDER_PATH)/Timely";
			};
			name = Release;
		};
		6EAEA0192B018D7C0029A8D4 /* Debug */ = {
			isa = XCBuildConfiguration;
			buildSettings = {
				"CODE_SIGN_IDENTITY[sdk=macosx*]" = "Apple Development";
				CODE_SIGN_STYLE = Automatic;
				CURRENT_PROJECT_VERSION = 1;
				DEVELOPMENT_TEAM = 7WCH78FX92;
				GENERATE_INFOPLIST_FILE = YES;
				MARKETING_VERSION = 1.0;
				PRODUCT_BUNDLE_IDENTIFIER = dev.PierceOxley.TimelyUITests;
				PRODUCT_NAME = "$(TARGET_NAME)";
				SWIFT_EMIT_LOC_STRINGS = NO;
				SWIFT_VERSION = 5.0;
				TARGETED_DEVICE_FAMILY = "1,2";
				TEST_TARGET_NAME = Timely;
			};
			name = Debug;
		};
		6EAEA01A2B018D7C0029A8D4 /* Release */ = {
			isa = XCBuildConfiguration;
			buildSettings = {
				CODE_SIGN_STYLE = Automatic;
				CURRENT_PROJECT_VERSION = 1;
				GENERATE_INFOPLIST_FILE = YES;
				MARKETING_VERSION = 1.0;
				PRODUCT_BUNDLE_IDENTIFIER = dev.PierceOxley.TimelyUITests;
				PRODUCT_NAME = "$(TARGET_NAME)";
				SWIFT_EMIT_LOC_STRINGS = NO;
				SWIFT_VERSION = 5.0;
				TARGETED_DEVICE_FAMILY = "1,2";
				TEST_TARGET_NAME = Timely;
			};
			name = Release;
		};
/* End XCBuildConfiguration section */

/* Begin XCConfigurationList section */
		6EAE9FE72B018D7B0029A8D4 /* Build configuration list for PBXProject "Timely" */ = {
			isa = XCConfigurationList;
			buildConfigurations = (
				6EAEA0102B018D7C0029A8D4 /* Debug */,
				6EAEA0112B018D7C0029A8D4 /* Release */,
			);
			defaultConfigurationIsVisible = 0;
			defaultConfigurationName = Release;
		};
		6EAEA0122B018D7C0029A8D4 /* Build configuration list for PBXNativeTarget "Timely" */ = {
			isa = XCConfigurationList;
			buildConfigurations = (
				6EAEA0132B018D7C0029A8D4 /* Debug */,
				6EAEA0142B018D7C0029A8D4 /* Release */,
			);
			defaultConfigurationIsVisible = 0;
			defaultConfigurationName = Release;
		};
		6EAEA0152B018D7C0029A8D4 /* Build configuration list for PBXNativeTarget "TimelyTests" */ = {
			isa = XCConfigurationList;
			buildConfigurations = (
				6EAEA0162B018D7C0029A8D4 /* Debug */,
				6EAEA0172B018D7C0029A8D4 /* Release */,
			);
			defaultConfigurationIsVisible = 0;
			defaultConfigurationName = Release;
		};
		6EAEA0182B018D7C0029A8D4 /* Build configuration list for PBXNativeTarget "TimelyUITests" */ = {
			isa = XCConfigurationList;
			buildConfigurations = (
				6EAEA0192B018D7C0029A8D4 /* Debug */,
				6EAEA01A2B018D7C0029A8D4 /* Release */,
			);
			defaultConfigurationIsVisible = 0;
			defaultConfigurationName = Release;
		};
/* End XCConfigurationList section */
	};
	rootObject = 6EAE9FE42B018D7B0029A8D4 /* Project object */;
}
